
Microsoft Visual Studio Solution File, Format Version 12.00
# Visual Studio 2012
Project("{FAE04EC0-301F-11D3-BF4B-00C04F79EFBC}") = "TestRunner", "ClassLibrary1\TestRunner.csproj", "{4CCFDBF9-3265-4361-BDDF-E3DBCF645CA7}"
EndProject
Project("{FAE04EC0-301F-11D3-BF4B-00C04F79EFBC}") = "TestingWindow", "TestingWindow\TestingWindow.csproj", "{F828E34F-2D66-4457-87FB-640230AFC0B0}"
EndProject
Global
	GlobalSection(SolutionConfigurationPlatforms) = preSolution
		Debug|Any CPU = Debug|Any CPU
		Release|Any CPU = Release|Any CPU
	EndGlobalSection
	GlobalSection(ProjectConfigurationPlatforms) = postSolution
		{4CCFDBF9-3265-4361-BDDF-E3DBCF645CA7}.Debug|Any CPU.ActiveCfg = Debug|Any CPU
		{4CCFDBF9-3265-4361-BDDF-E3DBCF645CA7}.Debug|Any CPU.Build.0 = Debug|Any CPU
		{4CCFDBF9-3265-4361-BDDF-E3DBCF645CA7}.Release|Any CPU.ActiveCfg = Release|Any CPU
		{4CCFDBF9-3265-4361-BDDF-E3DBCF645CA7}.Release|Any CPU.Build.0 = Release|Any CPU
		{F828E34F-2D66-4457-87FB-640230AFC0B0}.Debug|Any CPU.ActiveCfg = Debug|Any CPU
		{F828E34F-2D66-4457-87FB-640230AFC0B0}.Debug|Any CPU.Build.0 = Debug|Any CPU
		{F828E34F-2D66-4457-87FB-640230AFC0B0}.Release|Any CPU.ActiveCfg = Release|Any CPU
		{F828E34F-2D66-4457-87FB-640230AFC0B0}.Release|Any CPU.Build.0 = Release|Any CPU
	EndGlobalSection
	GlobalSection(SolutionProperties) = preSolution
		HideSolutionNode = FALSE
	EndGlobalSection
EndGlobal
